
Microsoft Visual Studio Solution File, Format Version 12.00
# Visual Studio 2012
Project("{F14B399A-7131-4C87-9E4B-1186C45EF12D}") = "Report", "Report\Report.rptproj", "{6B8A1969-C4FD-4C7A-9072-74AAEDFC860B}"
EndProject
Global
	GlobalSection(SolutionConfigurationPlatforms) = preSolution
		Debug|Default = Debug|Default
		DebugLocal|Default = DebugLocal|Default
		Release|Default = Release|Default
	EndGlobalSection
	GlobalSection(ProjectConfigurationPlatforms) = postSolution
		{6B8A1969-C4FD-4C7A-9072-74AAEDFC860B}.Debug|Default.ActiveCfg = Debug
		{6B8A1969-C4FD-4C7A-9072-74AAEDFC860B}.Debug|Default.Build.0 = Debug
		{6B8A1969-C4FD-4C7A-9072-74AAEDFC860B}.Debug|Default.Deploy.0 = Debug
		{6B8A1969-C4FD-4C7A-9072-74AAEDFC860B}.DebugLocal|Default.ActiveCfg = DebugLocal
		{6B8A1969-C4FD-4C7A-9072-74AAEDFC860B}.DebugLocal|Default.Build.0 = DebugLocal
		{6B8A1969-C4FD-4C7A-9072-74AAEDFC860B}.Release|Default.ActiveCfg = Release
		{6B8A1969-C4FD-4C7A-9072-74AAEDFC860B}.Release|Default.Build.0 = Release
		{6B8A1969-C4FD-4C7A-9072-74AAEDFC860B}.Release|Default.Deploy.0 = Release
	EndGlobalSection
	GlobalSection(SolutionProperties) = preSolution
		HideSolutionNode = FALSE
	EndGlobalSection
EndGlobal
